{
  "name": "@gettoor/core",
  "version": "0.1.0",
  "lockfileVersion": 3,
  "requires": true,
  "packages": {
    "": {
      "name": "@gettoor/core",
      "version": "0.1.0",
      "license": "MIT",
      "dependencies": {
        "@ai-sdk/anthropic": "^3.0.80",
        "@ai-sdk/google": "^3.0.71",
        "@ai-sdk/openai": "^3.0.64",
        "ai": "^6.0.191",
        "json-schema": "^0.4.0",
        "yaml": "^2.9.0",
        "zod": "^4.4.3"
      },
      "devDependencies": {
        "@types/json-schema": "^7.0.15",
        "typedoc": "^0.28.19",
        "typedoc-plugin-markdown": "^4.12.0"
      }
    },
    "../../node_modules/.pnpm/@ai-sdk+anthropic@3.0.81_zod@4.4.3/node_modules/@ai-sdk/anthropic": {
      "version": "3.0.81",
      "license": "Apache-2.0",
      "dependencies": {
        "@ai-sdk/provider": "3.0.10",
        "@ai-sdk/provider-utils": "4.0.27"
      },
      "devDependencies": {
        "@ai-sdk/test-server": "1.0.5",
        "@types/node": "20.17.24",
        "@vercel/ai-tsconfig": "0.0.0",
        "tsup": "^8",
        "typescript": "5.8.3",
        "zod": "3.25.76"
      },
      "engines": {
        "node": ">=18"
      },
      "peerDependencies": {
        "zod": "^3.25.76 || ^4.1.8"
      }
    },
    "../../node_modules/.pnpm/@ai-sdk+google@3.0.80_zod@4.4.3/node_modules/@ai-sdk/google": {
      "version": "3.0.80",
      "license": "Apache-2.0",
      "dependencies": {
        "@ai-sdk/provider": "3.0.10",
        "@ai-sdk/provider-utils": "4.0.27"
      },
      "devDependencies": {
        "@ai-sdk/test-server": "1.0.5",
        "@types/node": "20.17.24",
        "@vercel/ai-tsconfig": "0.0.0",
        "tsup": "^8",
        "typescript": "5.8.3",
        "zod": "3.25.76"
      },
      "engines": {
        "node": ">=18"
      },
      "peerDependencies": {
        "zod": "^3.25.76 || ^4.1.8"
      }
    },
    "../../node_modules/.pnpm/@ai-sdk+openai@3.0.68_zod@4.4.3/node_modules/@ai-sdk/openai": {
      "version": "3.0.68",
      "license": "Apache-2.0",
      "dependencies": {
        "@ai-sdk/provider": "3.0.10",
        "@ai-sdk/provider-utils": "4.0.27"
      },
      "devDependencies": {
        "@ai-sdk/test-server": "1.0.5",
        "@types/node": "20.17.24",
        "@vercel/ai-tsconfig": "0.0.0",
        "tsup": "^8",
        "typescript": "5.8.3",
        "zod": "3.25.76"
      },
      "engines": {
        "node": ">=18"
      },
      "peerDependencies": {
        "zod": "^3.25.76 || ^4.1.8"
      }
    },
    "../../node_modules/.pnpm/@types+json-schema@7.0.15/node_modules/@types/json-schema": {
      "version": "7.0.15",
      "dev": true,
      "license": "MIT"
    },
    "../../node_modules/.pnpm/ai@6.0.197_zod@4.4.3/node_modules/ai": {
      "version": "6.0.197",
      "license": "Apache-2.0",
      "dependencies": {
        "@ai-sdk/gateway": "3.0.125",
        "@ai-sdk/provider": "3.0.10",
        "@ai-sdk/provider-utils": "4.0.27",
        "@opentelemetry/api": "^1.9.0"
      },
      "devDependencies": {
        "@ai-sdk/test-server": "1.0.5",
        "@edge-runtime/vm": "^5.0.0",
        "@types/json-schema": "7.0.15",
        "@types/node": "20.17.24",
        "@vercel/ai-tsconfig": "0.0.0",
        "esbuild": "^0.24.2",
        "tsup": "^7.2.0",
        "tsx": "^4.19.2",
        "typescript": "5.8.3",
        "zod": "3.25.76"
      },
      "engines": {
        "node": ">=18"
      },
      "peerDependencies": {
        "zod": "^3.25.76 || ^4.1.8"
      }
    },
    "../../node_modules/.pnpm/json-schema@0.4.0/node_modules/json-schema": {
      "version": "0.4.0",
      "license": "(AFL-2.1 OR BSD-3-Clause)",
      "devDependencies": {
        "vows": "*"
      }
    },
    "../../node_modules/.pnpm/typedoc-plugin-markdown@4.12.0_typedoc@0.28.19_typescript@6.0.3_/node_modules/typedoc-plugin-markdown": {
      "version": "4.12.0",
      "dev": true,
      "license": "MIT",
      "engines": {
        "node": ">= 18"
      },
      "peerDependencies": {
        "typedoc": "0.28.x"
      }
    },
    "../../node_modules/.pnpm/typedoc@0.28.19_typescript@6.0.3/node_modules/typedoc": {
      "version": "0.28.19",
      "dev": true,
      "license": "Apache-2.0",
      "dependencies": {
        "@gerrit0/mini-shiki": "^3.23.0",
        "lunr": "^2.3.9",
        "markdown-it": "^14.1.1",
        "minimatch": "^10.2.5",
        "yaml": "^2.8.3"
      },
      "bin": {
        "typedoc": "bin/typedoc"
      },
      "devDependencies": {
        "@eslint/js": "^10.0.1",
        "@types/lunr": "^2.3.7",
        "@types/markdown-it": "^14.1.2",
        "@types/mocha": "^10.0.10",
        "@types/node": "18",
        "@typestrong/fs-fixture-builder": "github:TypeStrong/fs-fixture-builder#34113409e3a171e68ce5e2b55461ef5c35591cfe",
        "c8": "^11.0.0",
        "dprint": "^0.53.2",
        "esbuild": "^0.28.0",
        "eslint": "^10.2.0",
        "mocha": "^11.7.5",
        "puppeteer": "^24.40.0",
        "semver": "^7.7.4",
        "tsx": "4.21.0",
        "typescript": "6.0.2",
        "typescript-eslint": "^8.58.0"
      },
      "engines": {
        "node": ">= 18",
        "pnpm": ">= 10"
      },
      "peerDependencies": {
        "typescript": "5.0.x || 5.1.x || 5.2.x || 5.3.x || 5.4.x || 5.5.x || 5.6.x || 5.7.x || 5.8.x || 5.9.x || 6.0.x"
      }
    },
    "../../node_modules/.pnpm/yaml@2.9.0/node_modules/yaml": {
      "version": "2.9.0",
      "license": "ISC",
      "bin": {
        "yaml": "bin.mjs"
      },
      "devDependencies": {
        "@babel/core": "^7.12.10",
        "@babel/plugin-transform-typescript": "^7.12.17",
        "@babel/preset-env": "^7.12.11",
        "@eslint/js": "^9.9.1",
        "@rollup/plugin-babel": "^6.0.3",
        "@rollup/plugin-replace": "^6.0.3",
        "@rollup/plugin-typescript": "^12.1.1",
        "@types/jest": "^29.2.4",
        "@types/node": "^20.11.20",
        "babel-jest": "^29.0.1",
        "eslint": "^9.9.1",
        "eslint-config-prettier": "^10.1.8",
        "fast-check": "^2.12.0",
        "jest": "^29.0.1",
        "jest-resolve": "^29.7.0",
        "jest-ts-webcompat-resolver": "^1.0.0",
        "prettier": "^3.0.2",
        "rollup": "^4.12.0",
        "tslib": "^2.8.1",
        "typescript": "^5.7.2",
        "typescript-eslint": "^8.4.0"
      },
      "engines": {
        "node": ">= 14.6"
      },
      "funding": {
        "url": "https://github.com/sponsors/eemeli"
      }
    },
    "../../node_modules/.pnpm/zod@4.4.3/node_modules/zod": {
      "version": "4.4.3",
      "license": "MIT",
      "funding": {
        "url": "https://github.com/sponsors/colinhacks"
      }
    },
    "node_modules/@ai-sdk/anthropic": {
      "resolved": "../../node_modules/.pnpm/@ai-sdk+anthropic@3.0.81_zod@4.4.3/node_modules/@ai-sdk/anthropic",
      "link": true
    },
    "node_modules/@ai-sdk/google": {
      "resolved": "../../node_modules/.pnpm/@ai-sdk+google@3.0.80_zod@4.4.3/node_modules/@ai-sdk/google",
      "link": true
    },
    "node_modules/@ai-sdk/openai": {
      "resolved": "../../node_modules/.pnpm/@ai-sdk+openai@3.0.68_zod@4.4.3/node_modules/@ai-sdk/openai",
      "link": true
    },
    "node_modules/@types/json-schema": {
      "resolved": "../../node_modules/.pnpm/@types+json-schema@7.0.15/node_modules/@types/json-schema",
      "link": true
    },
    "node_modules/ai": {
      "resolved": "../../node_modules/.pnpm/ai@6.0.197_zod@4.4.3/node_modules/ai",
      "link": true
    },
    "node_modules/json-schema": {
      "resolved": "../../node_modules/.pnpm/json-schema@0.4.0/node_modules/json-schema",
      "link": true
    },
    "node_modules/typedoc": {
      "resolved": "../../node_modules/.pnpm/typedoc@0.28.19_typescript@6.0.3/node_modules/typedoc",
      "link": true
    },
    "node_modules/typedoc-plugin-markdown": {
      "resolved": "../../node_modules/.pnpm/typedoc-plugin-markdown@4.12.0_typedoc@0.28.19_typescript@6.0.3_/node_modules/typedoc-plugin-markdown",
      "link": true
    },
    "node_modules/yaml": {
      "resolved": "../../node_modules/.pnpm/yaml@2.9.0/node_modules/yaml",
      "link": true
    },
    "node_modules/zod": {
      "resolved": "../../node_modules/.pnpm/zod@4.4.3/node_modules/zod",
      "link": true
    }
  }
}
